
Microsoft Visual Studio Solution File, Format Version 12.00
# Visual Studio Version 17
VisualStudioVersion = 17.13.35931.197 d17.13
MinimumVisualStudioVersion = 10.0.40219.1
Project("{FAE04EC0-301F-11D3-BF4B-00C04F79EFBC}") = "BandsApp.Web", "BandsApp.Web\BandsApp.Web.csproj", "{18453176-6643-48E3-8B8C-AF23BE9AC269}"
EndProject
Global
	GlobalSection(SolutionConfigurationPlatforms) = preSolution
		Debug|Any CPU = Debug|Any CPU
		Release|Any CPU = Release|Any CPU
	EndGlobalSection
	GlobalSection(ProjectConfigurationPlatforms) = postSolution
		{18453176-6643-48E3-8B8C-AF23BE9AC269}.Debug|Any CPU.ActiveCfg = Debug|Any CPU
		{18453176-6643-48E3-8B8C-AF23BE9AC269}.Debug|Any CPU.Build.0 = Debug|Any CPU
		{18453176-6643-48E3-8B8C-AF23BE9AC269}.Release|Any CPU.ActiveCfg = Release|Any CPU
		{18453176-6643-48E3-8B8C-AF23BE9AC269}.Release|Any CPU.Build.0 = Release|Any CPU
	EndGlobalSection
	GlobalSection(SolutionProperties) = preSolution
		HideSolutionNode = FALSE
	EndGlobalSection
	GlobalSection(ExtensibilityGlobals) = postSolution
		SolutionGuid = {BE79104D-3F2F-4808-98E4-9C9DAED26E52}
	EndGlobalSection
EndGlobal
